
Microsoft Visual Studio Solution File, Format Version 12.00
# Visual Studio Version 17
VisualStudioVersion = 17.7.34018.315
MinimumVisualStudioVersion = 10.0.40219.1
Project("{FAE04EC0-301F-11D3-BF4B-00C04F79EFBC}") = "metodinlämningsuppgift6.1", "metodinlämningsuppgift6.1\metodinlämningsuppgift6.1.csproj", "{20E8DF07-1C3C-4936-BBC7-7CFE6ED86893}"
EndProject
Global
	GlobalSection(SolutionConfigurationPlatforms) = preSolution
		Debug|Any CPU = Debug|Any CPU
		Release|Any CPU = Release|Any CPU
	EndGlobalSection
	GlobalSection(ProjectConfigurationPlatforms) = postSolution
		{20E8DF07-1C3C-4936-BBC7-7CFE6ED86893}.Debug|Any CPU.ActiveCfg = Debug|Any CPU
		{20E8DF07-1C3C-4936-BBC7-7CFE6ED86893}.Debug|Any CPU.Build.0 = Debug|Any CPU
		{20E8DF07-1C3C-4936-BBC7-7CFE6ED86893}.Release|Any CPU.ActiveCfg = Release|Any CPU
		{20E8DF07-1C3C-4936-BBC7-7CFE6ED86893}.Release|Any CPU.Build.0 = Release|Any CPU
	EndGlobalSection
	GlobalSection(SolutionProperties) = preSolution
		HideSolutionNode = FALSE
	EndGlobalSection
	GlobalSection(ExtensibilityGlobals) = postSolution
		SolutionGuid = {6995D0C0-D4C1-4FC9-BBDD-2405B01DC03B}
	EndGlobalSection
EndGlobal
